// !$*UTF8*$!
{
	archiveVersion = 1;
	classes = {
	};
	objectVersion = 46;
	objects = {

/* Begin PBXBuildFile section */
		24B88B561B400E2600425507 /* main.m in Sources */ = {isa = PBXBuildFile; fileRef = 24B88B551B400E2600425507 /* main.m */; };
		24B88B591B400E2600425507 /* AppDelegate.m in Sources */ = {isa = PBXBuildFile; fileRef = 24B88B581B400E2600425507 /* AppDelegate.m */; };
		24B88B5C1B400E2600425507 /* ViewController.m in Sources */ = {isa = PBXBuildFile; fileRef = 24B88B5B1B400E2600425507 /* ViewController.m */; };
		24B88B5F1B400E2600425507 /* Main.storyboard in Resources */ = {isa = PBXBuildFile; fileRef = 24B88B5D1B400E2600425507 /* Main.storyboard */; };
		24B88B611B400E2600425507 /* Images.xcassets in Resources */ = {isa = PBXBuildFile; fileRef = 24B88B601B400E2600425507 /* Images.xcassets */; };
		24B88B641B400E2600425507 /* LaunchScreen.xib in Resources */ = {isa = PBXBuildFile; fileRef = 24B88B621B400E2600425507 /* LaunchScreen.xib */; };
		24B88B701B400E2700425507 /* ____Tests.m in Sources */ = {isa = PBXBuildFile; fileRef = 24B88B6F1B400E2700425507 /* ____Tests.m */; };
		24B88B7E1B4013A900425507 /* HomeViewController.m in Sources */ = {isa = PBXBuildFile; fileRef = 24B88B7D1B4013A900425507 /* HomeViewController.m */; };
		24B88B811B4013CE00425507 /* AirMapViewController.m in Sources */ = {isa = PBXBuildFile; fileRef = 24B88B801B4013CE00425507 /* AirMapViewController.m */; };
		24B88B841B40140400425507 /* ScenicViewController.m in Sources */ = {isa = PBXBuildFile; fileRef = 24B88B831B40140400425507 /* ScenicViewController.m */; };
		24B88B871B40142000425507 /* SettingViewController.m in Sources */ = {isa = PBXBuildFile; fileRef = 24B88B861B40142000425507 /* SettingViewController.m */; };
		24B88BA21B4032B800425507 /* icon_menu_hp_press.png in Resources */ = {isa = PBXBuildFile; fileRef = 24B88B9E1B4032B800425507 /* icon_menu_hp_press.png */; };
		24B88BA31B4032B800425507 /* icon_menu_ihave_press.png in Resources */ = {isa = PBXBuildFile; fileRef = 24B88B9F1B4032B800425507 /* icon_menu_ihave_press.png */; };
		24B88BA41B4032B800425507 /* icon_menu_profile_press.png in Resources */ = {isa = PBXBuildFile; fileRef = 24B88BA01B4032B800425507 /* icon_menu_profile_press.png */; };
		24B88BA51B4032B800425507 /* icon_menu_x_press.png in Resources */ = {isa = PBXBuildFile; fileRef = 24B88BA11B4032B800425507 /* icon_menu_x_press.png */; };
		24B88BA71B40347D00425507 /* cloudy9_meitu_6.png in Resources */ = {isa = PBXBuildFile; fileRef = 24B88BA61B40347D00425507 /* cloudy9_meitu_6.png */; };
		24B88BA91B4034E600425507 /* cloudy7_meitu_7.png in Resources */ = {isa = PBXBuildFile; fileRef = 24B88BA81B4034E600425507 /* cloudy7_meitu_7.png */; };
		24B88BAB1B40354600425507 /* font-367_meitu_8.png in Resources */ = {isa = PBXBuildFile; fileRef = 24B88BAA1B40354600425507 /* font-367_meitu_8.png */; };
		24B88BAF1B40361100425507 /* gear (1)_meitu_9.png in Resources */ = {isa = PBXBuildFile; fileRef = 24B88BAE1B40361100425507 /* gear (1)_meitu_9.png */; };
		24B88BB11B40367300425507 /* settings (2)_meitu_1.png in Resources */ = {isa = PBXBuildFile; fileRef = 24B88BB01B40367300425507 /* settings (2)_meitu_1.png */; };
		24B88BB31B4037A900425507 /* line_meitu_2.jpg in Resources */ = {isa = PBXBuildFile; fileRef = 24B88BB21B4037A900425507 /* line_meitu_2.jpg */; };
		24B88BB51B40380000425507 /* line_chart.png in Resources */ = {isa = PBXBuildFile; fileRef = 24B88BB41B40380000425507 /* line_chart.png */; };
		24B88BB71B40384D00425507 /* line_meitu_4.png in Resources */ = {isa = PBXBuildFile; fileRef = 24B88BB61B40384D00425507 /* line_meitu_4.png */; };
/* End PBXBuildFile section */

/* Begin PBXContainerItemProxy section */
		24B88B6A1B400E2700425507 /* PBXContainerItemProxy */ = {
			isa = PBXContainerItemProxy;
			containerPortal = 24B88B481B400E2600425507 /* Project object */;
			proxyType = 1;
			remoteGlobalIDString = 24B88B4F1B400E2600425507;
			remoteInfo = "成都天气";
		};
/* End PBXContainerItemProxy section */

/* Begin PBXFileReference section */
		24B88B501B400E2600425507 /* 成都天气.app */ = {isa = PBXFileReference; explicitFileType = wrapper.application; includeInIndex = 0; path = "成都天气.app"; sourceTree = BUILT_PRODUCTS_DIR; };
		24B88B541B400E2600425507 /* Info.plist */ = {isa = PBXFileReference; lastKnownFileType = text.plist.xml; path = Info.plist; sourceTree = "<group>"; };
		24B88B551B400E2600425507 /* main.m */ = {isa = PBXFileReference; lastKnownFileType = sourcecode.c.objc; path = main.m; sourceTree = "<group>"; };
		24B88B571B400E2600425507 /* AppDelegate.h */ = {isa = PBXFileReference; lastKnownFileType = sourcecode.c.h; path = AppDelegate.h; sourceTree = "<group>"; };
		24B88B581B400E2600425507 /* AppDelegate.m */ = {isa = PBXFileReference; lastKnownFileType = sourcecode.c.objc; path = AppDelegate.m; sourceTree = "<group>"; };
		24B88B5A1B400E2600425507 /* ViewController.h */ = {isa = PBXFileReference; lastKnownFileType = sourcecode.c.h; path = ViewController.h; sourceTree = "<group>"; };
		24B88B5B1B400E2600425507 /* ViewController.m */ = {isa = PBXFileReference; lastKnownFileType = sourcecode.c.objc; path = ViewController.m; sourceTree = "<group>"; };
		24B88B5E1B400E2600425507 /* Base */ = {isa = PBXFileReference; lastKnownFileType = file.storyboard; name = Base; path = Base.lproj/Main.storyboard; sourceTree = "<group>"; };
		24B88B601B400E2600425507 /* Images.xcassets */ = {isa = PBXFileReference; lastKnownFileType = folder.assetcatalog; path = Images.xcassets; sourceTree = "<group>"; };
		24B88B631B400E2600425507 /* Base */ = {isa = PBXFileReference; lastKnownFileType = file.xib; name = Base; path = Base.lproj/LaunchScreen.xib; sourceTree = "<group>"; };
		24B88B691B400E2700425507 /* 成都天气Tests.xctest */ = {isa = PBXFileReference; explicitFileType = wrapper.cfbundle; includeInIndex = 0; path = "成都天气Tests.xctest"; sourceTree = BUILT_PRODUCTS_DIR; };
		24B88B6E1B400E2700425507 /* Info.plist */ = {isa = PBXFileReference; lastKnownFileType = text.plist.xml; path = Info.plist; sourceTree = "<group>"; };
		24B88B6F1B400E2700425507 /* ____Tests.m */ = {isa = PBXFileReference; lastKnownFileType = sourcecode.c.objc; path = "____Tests.m"; sourceTree = "<group>"; };
		24B88B7C1B4013A900425507 /* HomeViewController.h */ = {isa = PBXFileReference; fileEncoding = 4; lastKnownFileType = sourcecode.c.h; path = HomeViewController.h; sourceTree = "<group>"; };
		24B88B7D1B4013A900425507 /* HomeViewController.m */ = {isa = PBXFileReference; fileEncoding = 4; lastKnownFileType = sourcecode.c.objc; path = HomeViewController.m; sourceTree = "<group>"; };
		24B88B7F1B4013CE00425507 /* AirMapViewController.h */ = {isa = PBXFileReference; fileEncoding = 4; lastKnownFileType = sourcecode.c.h; path = AirMapViewController.h; sourceTree = "<group>"; };
		24B88B801B4013CE00425507 /* AirMapViewController.m */ = {isa = PBXFileReference; fileEncoding = 4; lastKnownFileType = sourcecode.c.objc; path = AirMapViewController.m; sourceTree = "<group>"; };
		24B88B821B40140400425507 /* ScenicViewController.h */ = {isa = PBXFileReference; fileEncoding = 4; lastKnownFileType = sourcecode.c.h; path = ScenicViewController.h; sourceTree = "<group>"; };
		24B88B831B40140400425507 /* ScenicViewController.m */ = {isa = PBXFileReference; fileEncoding = 4; lastKnownFileType = sourcecode.c.objc; path = ScenicViewController.m; sourceTree = "<group>"; };
		24B88B851B40142000425507 /* SettingViewController.h */ = {isa = PBXFileReference; fileEncoding = 4; lastKnownFileType = sourcecode.c.h; path = SettingViewController.h; sourceTree = "<group>"; };
		24B88B861B40142000425507 /* SettingViewController.m */ = {isa = PBXFileReference; fileEncoding = 4; lastKnownFileType = sourcecode.c.objc; path = SettingViewController.m; sourceTree = "<group>"; };
		24B88B9E1B4032B800425507 /* icon_menu_hp_press.png */ = {isa = PBXFileReference; lastKnownFileType = image.png; name = icon_menu_hp_press.png; path = "../../UI_TEST/成都生活展示（素材）/tabBar图标/icon_menu_hp_press.png"; sourceTree = "<group>"; };
		24B88B9F1B4032B800425507 /* icon_menu_ihave_press.png */ = {isa = PBXFileReference; lastKnownFileType = image.png; name = icon_menu_ihave_press.png; path = "../../UI_TEST/成都生活展示（素材）/tabBar图标/icon_menu_ihave_press.png"; sourceTree = "<group>"; };
		24B88BA01B4032B800425507 /* icon_menu_profile_press.png */ = {isa = PBXFileReference; lastKnownFileType = image.png; name = icon_menu_profile_press.png; path = "../../UI_TEST/成都生活展示（素材）/tabBar图标/icon_menu_profile_press.png"; sourceTree = "<group>"; };
		24B88BA11B4032B800425507 /* icon_menu_x_press.png */ = {isa = PBXFileReference; lastKnownFileType = image.png; name = icon_menu_x_press.png; path = "../../UI_TEST/成都生活展示（素材）/tabBar图标/icon_menu_x_press.png"; sourceTree = "<group>"; };
		24B88BA61B40347D00425507 /* cloudy9_meitu_6.png */ = {isa = PBXFileReference; lastKnownFileType = image.png; name = cloudy9_meitu_6.png; path = ../../cloudy9_meitu_6.png; sourceTree = "<group>"; };
		24B88BA81B4034E600425507 /* cloudy7_meitu_7.png */ = {isa = PBXFileReference; lastKnownFileType = image.png; name = cloudy7_meitu_7.png; path = ../../cloudy7_meitu_7.png; sourceTree = "<group>"; };
		24B88BAA1B40354600425507 /* font-367_meitu_8.png */ = {isa = PBXFileReference; lastKnownFileType = image.png; name = "font-367_meitu_8.png"; path = "../../font-367_meitu_8.png"; sourceTree = "<group>"; };
		24B88BAE1B40361100425507 /* gear (1)_meitu_9.png */ = {isa = PBXFileReference; lastKnownFileType = image.png; name = "gear (1)_meitu_9.png"; path = "../../gear (1)_meitu_9.png"; sourceTree = "<group>"; };
		24B88BB01B40367300425507 /* settings (2)_meitu_1.png */ = {isa = PBXFileReference; lastKnownFileType = image.png; name = "settings (2)_meitu_1.png"; path = "../../settings (2)_meitu_1.png"; sourceTree = "<group>"; };
		24B88BB21B4037A900425507 /* line_meitu_2.jpg */ = {isa = PBXFileReference; lastKnownFileType = image.jpeg; name = line_meitu_2.jpg; path = ../../line_meitu_2.jpg; sourceTree = "<group>"; };
		24B88BB41B40380000425507 /* line_chart.png */ = {isa = PBXFileReference; lastKnownFileType = image.png; name = line_chart.png; path = ../../line_chart.png; sourceTree = "<group>"; };
		24B88BB61B40384D00425507 /* line_meitu_4.png */ = {isa = PBXFileReference; lastKnownFileType = image.png; name = line_meitu_4.png; path = ../../line_meitu_4.png; sourceTree = "<group>"; };
/* End PBXFileReference section */

/* Begin PBXFrameworksBuildPhase section */
		24B88B4D1B400E2600425507 /* Frameworks */ = {
			isa = PBXFrameworksBuildPhase;
			buildActionMask = 2147483647;
			files = (
			);
			runOnlyForDeploymentPostprocessing = 0;
		};
		24B88B661B400E2700425507 /* Frameworks */ = {
			isa = PBXFrameworksBuildPhase;
			buildActionMask = 2147483647;
			files = (
			);
			runOnlyForDeploymentPostprocessing = 0;
		};
/* End PBXFrameworksBuildPhase section */

/* Begin PBXGroup section */
		24B88B471B400E2600425507 = {
			isa = PBXGroup;
			children = (
				24B88B521B400E2600425507 /* 成都天气 */,
				24B88B6C1B400E2700425507 /* 成都天气Tests */,
				24B88B511B400E2600425507 /* Products */,
			);
			sourceTree = "<group>";
		};
		24B88B511B400E2600425507 /* Products */ = {
			isa = PBXGroup;
			children = (
				24B88B501B400E2600425507 /* 成都天气.app */,
				24B88B691B400E2700425507 /* 成都天气Tests.xctest */,
			);
			name = Products;
			sourceTree = "<group>";
		};
		24B88B521B400E2600425507 /* 成都天气 */ = {
			isa = PBXGroup;
			children = (
				24B88B931B4029BB00425507 /* ICON */,
				24B88B571B400E2600425507 /* AppDelegate.h */,
				24B88B581B400E2600425507 /* AppDelegate.m */,
				24B88B5A1B400E2600425507 /* ViewController.h */,
				24B88B5B1B400E2600425507 /* ViewController.m */,
				24B88B5D1B400E2600425507 /* Main.storyboard */,
				24B88B601B400E2600425507 /* Images.xcassets */,
				24B88B7C1B4013A900425507 /* HomeViewController.h */,
				24B88B7D1B4013A900425507 /* HomeViewController.m */,
				24B88B7F1B4013CE00425507 /* AirMapViewController.h */,
				24B88B801B4013CE00425507 /* AirMapViewController.m */,
				24B88B821B40140400425507 /* ScenicViewController.h */,
				24B88B831B40140400425507 /* ScenicViewController.m */,
				24B88B851B40142000425507 /* SettingViewController.h */,
				24B88B861B40142000425507 /* SettingViewController.m */,
				24B88B621B400E2600425507 /* LaunchScreen.xib */,
				24B88B531B400E2600425507 /* Supporting Files */,
			);
			path = "成都天气";
			sourceTree = "<group>";
		};
		24B88B531B400E2600425507 /* Supporting Files */ = {
			isa = PBXGroup;
			children = (
				24B88B541B400E2600425507 /* Info.plist */,
				24B88B551B400E2600425507 /* main.m */,
			);
			name = "Supporting Files";
			sourceTree = "<group>";
		};
		24B88B6C1B400E2700425507 /* 成都天气Tests */ = {
			isa = PBXGroup;
			children = (
				24B88B6F1B400E2700425507 /* ____Tests.m */,
				24B88B6D1B400E2700425507 /* Supporting Files */,
			);
			path = "成都天气Tests";
			sourceTree = "<group>";
		};
		24B88B6D1B400E2700425507 /* Supporting Files */ = {
			isa = PBXGroup;
			children = (
				24B88B6E1B400E2700425507 /* Info.plist */,
			);
			name = "Supporting Files";
			sourceTree = "<group>";
		};
		24B88B931B4029BB00425507 /* ICON */ = {
			isa = PBXGroup;
			children = (
				24B88BA61B40347D00425507 /* cloudy9_meitu_6.png */,
				24B88BB01B40367300425507 /* settings (2)_meitu_1.png */,
				24B88BB41B40380000425507 /* line_chart.png */,
				24B88BB61B40384D00425507 /* line_meitu_4.png */,
				24B88BAE1B40361100425507 /* gear (1)_meitu_9.png */,
				24B88BA81B4034E600425507 /* cloudy7_meitu_7.png */,
				24B88BB21B4037A900425507 /* line_meitu_2.jpg */,
				24B88BAA1B40354600425507 /* font-367_meitu_8.png */,
				24B88B9E1B4032B800425507 /* icon_menu_hp_press.png */,
				24B88B9F1B4032B800425507 /* icon_menu_ihave_press.png */,
				24B88BA01B4032B800425507 /* icon_menu_profile_press.png */,
				24B88BA11B4032B800425507 /* icon_menu_x_press.png */,
			);
			name = ICON;
			sourceTree = "<group>";
		};
/* End PBXGroup section */

/* Begin PBXNativeTarget section */
		24B88B4F1B400E2600425507 /* 成都天气 */ = {
			isa = PBXNativeTarget;
			buildConfigurationList = 24B88B731B400E2700425507 /* Build configuration list for PBXNativeTarget "成都天气" */;
			buildPhases = (
				24B88B4C1B400E2600425507 /* Sources */,
				24B88B4D1B400E2600425507 /* Frameworks */,
				24B88B4E1B400E2600425507 /* Resources */,
			);
			buildRules = (
			);
			dependencies = (
			);
			name = "成都天气";
			productName = "成都天气";
			productReference = 24B88B501B400E2600425507 /* 成都天气.app */;
			productType = "com.apple.product-type.application";
		};
		24B88B681B400E2700425507 /* 成都天气Tests */ = {
			isa = PBXNativeTarget;
			buildConfigurationList = 24B88B761B400E2700425507 /* Build configuration list for PBXNativeTarget "成都天气Tests" */;
			buildPhases = (
				24B88B651B400E2700425507 /* Sources */,
				24B88B661B400E2700425507 /* Frameworks */,
				24B88B671B400E2700425507 /* Resources */,
			);
			buildRules = (
			);
			dependencies = (
				24B88B6B1B400E2700425507 /* PBXTargetDependency */,
			);
			name = "成都天气Tests";
			productName = "成都天气Tests";
			productReference = 24B88B691B400E2700425507 /* 成都天气Tests.xctest */;
			productType = "com.apple.product-type.bundle.unit-test";
		};
/* End PBXNativeTarget section */

/* Begin PBXProject section */
		24B88B481B400E2600425507 /* Project object */ = {
			isa = PBXProject;
			attributes = {
				LastUpgradeCheck = 0630;
				ORGANIZATIONNAME = rectinajh;
				TargetAttributes = {
					24B88B4F1B400E2600425507 = {
						CreatedOnToolsVersion = 6.3;
					};
					24B88B681B400E2700425507 = {
						CreatedOnToolsVersion = 6.3;
						TestTargetID = 24B88B4F1B400E2600425507;
					};
				};
			};
			buildConfigurationList = 24B88B4B1B400E2600425507 /* Build configuration list for PBXProject "成都天气" */;
			compatibilityVersion = "Xcode 3.2";
			developmentRegion = English;
			hasScannedForEncodings = 0;
			knownRegions = (
				en,
				Base,
			);
			mainGroup = 24B88B471B400E2600425507;
			productRefGroup = 24B88B511B400E2600425507 /* Products */;
			projectDirPath = "";
			projectRoot = "";
			targets = (
				24B88B4F1B400E2600425507 /* 成都天气 */,
				24B88B681B400E2700425507 /* 成都天气Tests */,
			);
		};
/* End PBXProject section */

/* Begin PBXResourcesBuildPhase section */
		24B88B4E1B400E2600425507 /* Resources */ = {
			isa = PBXResourcesBuildPhase;
			buildActionMask = 2147483647;
			files = (
				24B88BA51B4032B800425507 /* icon_menu_x_press.png in Resources */,
				24B88BA31B4032B800425507 /* icon_menu_ihave_press.png in Resources */,
				24B88BA41B4032B800425507 /* icon_menu_profile_press.png in Resources */,
				24B88BAB1B40354600425507 /* font-367_meitu_8.png in Resources */,
				24B88B5F1B400E2600425507 /* Main.storyboard in Resources */,
				24B88B641B400E2600425507 /* LaunchScreen.xib in Resources */,
				24B88BB71B40384D00425507 /* line_meitu_4.png in Resources */,
				24B88BAF1B40361100425507 /* gear (1)_meitu_9.png in Resources */,
				24B88B611B400E2600425507 /* Images.xcassets in Resources */,
				24B88BB51B40380000425507 /* line_chart.png in Resources */,
				24B88BA21B4032B800425507 /* icon_menu_hp_press.png in Resources */,
				24B88BA71B40347D00425507 /* cloudy9_meitu_6.png in Resources */,
				24B88BB11B40367300425507 /* settings (2)_meitu_1.png in Resources */,
				24B88BB31B4037A900425507 /* line_meitu_2.jpg in Resources */,
				24B88BA91B4034E600425507 /* cloudy7_meitu_7.png in Resources */,
			);
			runOnlyForDeploymentPostprocessing = 0;
		};
		24B88B671B400E2700425507 /* Resources */ = {
			isa = PBXResourcesBuildPhase;
			buildActionMask = 2147483647;
			files = (
			);
			runOnlyForDeploymentPostprocessing = 0;
		};
/* End PBXResourcesBuildPhase section */

/* Begin PBXSourcesBuildPhase section */
		24B88B4C1B400E2600425507 /* Sources */ = {
			isa = PBXSourcesBuildPhase;
			buildActionMask = 2147483647;
			files = (
				24B88B5C1B400E2600425507 /* ViewController.m in Sources */,
				24B88B591B400E2600425507 /* AppDelegate.m in Sources */,
				24B88B561B400E2600425507 /* main.m in Sources */,
				24B88B871B40142000425507 /* SettingViewController.m in Sources */,
				24B88B811B4013CE00425507 /* AirMapViewController.m in Sources */,
				24B88B7E1B4013A900425507 /* HomeViewController.m in Sources */,
				24B88B841B40140400425507 /* ScenicViewController.m in Sources */,
			);
			runOnlyForDeploymentPostprocessing = 0;
		};
		24B88B651B400E2700425507 /* Sources */ = {
			isa = PBXSourcesBuildPhase;
			buildActionMask = 2147483647;
			files = (
				24B88B701B400E2700425507 /* ____Tests.m in Sources */,
			);
			runOnlyForDeploymentPostprocessing = 0;
		};
/* End PBXSourcesBuildPhase section */

/* Begin PBXTargetDependency section */
		24B88B6B1B400E2700425507 /* PBXTargetDependency */ = {
			isa = PBXTargetDependency;
			target = 24B88B4F1B400E2600425507 /* 成都天气 */;
			targetProxy = 24B88B6A1B400E2700425507 /* PBXContainerItemProxy */;
		};
/* End PBXTargetDependency section */

/* Begin PBXVariantGroup section */
		24B88B5D1B400E2600425507 /* Main.storyboard */ = {
			isa = PBXVariantGroup;
			children = (
				24B88B5E1B400E2600425507 /* Base */,
			);
			name = Main.storyboard;
			sourceTree = "<group>";
		};
		24B88B621B400E2600425507 /* LaunchScreen.xib */ = {
			isa = PBXVariantGroup;
			children = (
				24B88B631B400E2600425507 /* Base */,
			);
			name = LaunchScreen.xib;
			sourceTree = "<group>";
		};
/* End PBXVariantGroup section */

/* Begin XCBuildConfiguration section */
		24B88B711B400E2700425507 /* Debug */ = {
			isa = XCBuildConfiguration;
			buildSettings = {
				ALWAYS_SEARCH_USER_PATHS = NO;
				CLANG_CXX_LANGUAGE_STANDARD = "gnu++0x";
				CLANG_CXX_LIBRARY = "libc++";
				CLANG_ENABLE_MODULES = YES;
				CLANG_ENABLE_OBJC_ARC = YES;
				CLANG_WARN_BOOL_CONVERSION = YES;
				CLANG_WARN_CONSTANT_CONVERSION = YES;
				CLANG_WARN_DIRECT_OBJC_ISA_USAGE = YES_ERROR;
				CLANG_WARN_EMPTY_BODY = YES;
				CLANG_WARN_ENUM_CONVERSION = YES;
				CLANG_WARN_INT_CONVERSION = YES;
				CLANG_WARN_OBJC_ROOT_CLASS = YES_ERROR;
				CLANG_WARN_UNREACHABLE_CODE = YES;
				CLANG_WARN__DUPLICATE_METHOD_MATCH = YES;
				"CODE_SIGN_IDENTITY[sdk=iphoneos*]" = "iPhone Developer";
				COPY_PHASE_STRIP = NO;
				DEBUG_INFORMATION_FORMAT = "dwarf-with-dsym";
				ENABLE_STRICT_OBJC_MSGSEND = YES;
				GCC_C_LANGUAGE_STANDARD = gnu99;
				GCC_DYNAMIC_NO_PIC = NO;
				GCC_NO_COMMON_BLOCKS = YES;
				GCC_OPTIMIZATION_LEVEL = 0;
				GCC_PREPROCESSOR_DEFINITIONS = (
					"DEBUG=1",
					"$(inherited)",
				);
				GCC_SYMBOLS_PRIVATE_EXTERN = NO;
				GCC_WARN_64_TO_32_BIT_CONVERSION = YES;
				GCC_WARN_ABOUT_RETURN_TYPE = YES_ERROR;
				GCC_WARN_UNDECLARED_SELECTOR = YES;
				GCC_WARN_UNINITIALIZED_AUTOS = YES_AGGRESSIVE;
				GCC_WARN_UNUSED_FUNCTION = YES;
				GCC_WARN_UNUSED_VARIABLE = YES;
				IPHONEOS_DEPLOYMENT_TARGET = 8.3;
				MTL_ENABLE_DEBUG_INFO = YES;
				ONLY_ACTIVE_ARCH = YES;
				SDKROOT = iphoneos;
				TARGETED_DEVICE_FAMILY = "1,2";
			};
			name = Debug;
		};
		24B88B721B400E2700425507 /* Release */ = {
			isa = XCBuildConfiguration;
			buildSettings = {
				ALWAYS_SEARCH_USER_PATHS = NO;
				CLANG_CXX_LANGUAGE_STANDARD = "gnu++0x";
				CLANG_CXX_LIBRARY = "libc++";
				CLANG_ENABLE_MODULES = YES;
				CLANG_ENABLE_OBJC_ARC = YES;
				CLANG_WARN_BOOL_CONVERSION = YES;
				CLANG_WARN_CONSTANT_CONVERSION = YES;
				CLANG_WARN_DIRECT_OBJC_ISA_USAGE = YES_ERROR;
				CLANG_WARN_EMPTY_BODY = YES;
				CLANG_WARN_ENUM_CONVERSION = YES;
				CLANG_WARN_INT_CONVERSION = YES;
				CLANG_WARN_OBJC_ROOT_CLASS = YES_ERROR;
				CLANG_WARN_UNREACHABLE_CODE = YES;
				CLANG_WARN__DUPLICATE_METHOD_MATCH = YES;
				"CODE_SIGN_IDENTITY[sdk=iphoneos*]" = "iPhone Developer";
				COPY_PHASE_STRIP = NO;
				DEBUG_INFORMATION_FORMAT = "dwarf-with-dsym";
				ENABLE_NS_ASSERTIONS = NO;
				ENABLE_STRICT_OBJC_MSGSEND = YES;
				GCC_C_LANGUAGE_STANDARD = gnu99;
				GCC_NO_COMMON_BLOCKS = YES;
				GCC_WARN_64_TO_32_BIT_CONVERSION = YES;
				GCC_WARN_ABOUT_RETURN_TYPE = YES_ERROR;
				GCC_WARN_UNDECLARED_SELECTOR = YES;
				GCC_WARN_UNINITIALIZED_AUTOS = YES_AGGRESSIVE;
				GCC_WARN_UNUSED_FUNCTION = YES;
				GCC_WARN_UNUSED_VARIABLE = YES;
				IPHONEOS_DEPLOYMENT_TARGET = 8.3;
				MTL_ENABLE_DEBUG_INFO = NO;
				SDKROOT = iphoneos;
				TARGETED_DEVICE_FAMILY = "1,2";
				VALIDATE_PRODUCT = YES;
			};
			name = Release;
		};
		24B88B741B400E2700425507 /* Debug */ = {
			isa = XCBuildConfiguration;
			buildSettings = {
				ASSETCATALOG_COMPILER_APPICON_NAME = AppIcon;
				INFOPLIST_FILE = "成都天气/Info.plist";
				LD_RUNPATH_SEARCH_PATHS = "$(inherited) @executable_path/Frameworks";
				PRODUCT_NAME = "$(TARGET_NAME)";
			};
			name = Debug;
		};
		24B88B751B400E2700425507 /* Release */ = {
			isa = XCBuildConfiguration;
			buildSettings = {
				ASSETCATALOG_COMPILER_APPICON_NAME = AppIcon;
				INFOPLIST_FILE = "成都天气/Info.plist";
				LD_RUNPATH_SEARCH_PATHS = "$(inherited) @executable_path/Frameworks";
				PRODUCT_NAME = "$(TARGET_NAME)";
			};
			name = Release;
		};
		24B88B771B400E2700425507 /* Debug */ = {
			isa = XCBuildConfiguration;
			buildSettings = {
				BUNDLE_LOADER = "$(TEST_HOST)";
				FRAMEWORK_SEARCH_PATHS = (
					"$(SDKROOT)/Developer/Library/Frameworks",
					"$(inherited)",
				);
				GCC_PREPROCESSOR_DEFINITIONS = (
					"DEBUG=1",
					"$(inherited)",
				);
				INFOPLIST_FILE = "成都天气Tests/Info.plist";
				LD_RUNPATH_SEARCH_PATHS = "$(inherited) @executable_path/Frameworks @loader_path/Frameworks";
				PRODUCT_NAME = "$(TARGET_NAME)";
				TEST_HOST = "$(BUILT_PRODUCTS_DIR)/成都天气.app/成都天气";
			};
			name = Debug;
		};
		24B88B781B400E2700425507 /* Release */ = {
			isa = XCBuildConfiguration;
			buildSettings = {
				BUNDLE_LOADER = "$(TEST_HOST)";
				FRAMEWORK_SEARCH_PATHS = (
					"$(SDKROOT)/Developer/Library/Frameworks",
					"$(inherited)",
				);
				INFOPLIST_FILE = "成都天气Tests/Info.plist";
				LD_RUNPATH_SEARCH_PATHS = "$(inherited) @executable_path/Frameworks @loader_path/Frameworks";
				PRODUCT_NAME = "$(TARGET_NAME)";
				TEST_HOST = "$(BUILT_PRODUCTS_DIR)/成都天气.app/成都天气";
			};
			name = Release;
		};
/* End XCBuildConfiguration section */

/* Begin XCConfigurationList section */
		24B88B4B1B400E2600425507 /* Build configuration list for PBXProject "成都天气" */ = {
			isa = XCConfigurationList;
			buildConfigurations = (
				24B88B711B400E2700425507 /* Debug */,
				24B88B721B400E2700425507 /* Release */,
			);
			defaultConfigurationIsVisible = 0;
			defaultConfigurationName = Release;
		};
		24B88B731B400E2700425507 /* Build configuration list for PBXNativeTarget "成都天气" */ = {
			isa = XCConfigurationList;
			buildConfigurations = (
				24B88B741B400E2700425507 /* Debug */,
				24B88B751B400E2700425507 /* Release */,
			);
			defaultConfigurationIsVisible = 0;
		};
		24B88B761B400E2700425507 /* Build configuration list for PBXNativeTarget "成都天气Tests" */ = {
			isa = XCConfigurationList;
			buildConfigurations = (
				24B88B771B400E2700425507 /* Debug */,
				24B88B781B400E2700425507 /* Release */,
			);
			defaultConfigurationIsVisible = 0;
		};
/* End XCConfigurationList section */
	};
	rootObject = 24B88B481B400E2600425507 /* Project object */;
}
